
Microsoft Visual Studio Solution File, Format Version 12.00
# Visual Studio Version 16
VisualStudioVersion = 16.0.29424.173
MinimumVisualStudioVersion = 10.0.40219.1
Project("{FAE04EC0-301F-11D3-BF4B-00C04F79EFBC}") = "yelp", "yelp\yelp.csproj", "{B4BCD85E-A012-4AF1-ACC2-3FAC22AEC3D8}"
EndProject
Project("{FAE04EC0-301F-11D3-BF4B-00C04F79EFBC}") = "yelpTests", "yelpTests\yelpTests.csproj", "{7BC702CB-4E01-4071-ABBB-606280004896}"
EndProject
Global
	GlobalSection(SolutionConfigurationPlatforms) = preSolution
		Debug|Any CPU = Debug|Any CPU
		Release|Any CPU = Release|Any CPU
	EndGlobalSection
	GlobalSection(ProjectConfigurationPlatforms) = postSolution
		{B4BCD85E-A012-4AF1-ACC2-3FAC22AEC3D8}.Debug|Any CPU.ActiveCfg = Debug|Any CPU
		{B4BCD85E-A012-4AF1-ACC2-3FAC22AEC3D8}.Debug|Any CPU.Build.0 = Debug|Any CPU
		{B4BCD85E-A012-4AF1-ACC2-3FAC22AEC3D8}.Release|Any CPU.ActiveCfg = Release|Any CPU
		{B4BCD85E-A012-4AF1-ACC2-3FAC22AEC3D8}.Release|Any CPU.Build.0 = Release|Any CPU
		{7BC702CB-4E01-4071-ABBB-606280004896}.Debug|Any CPU.ActiveCfg = Debug|Any CPU
		{7BC702CB-4E01-4071-ABBB-606280004896}.Debug|Any CPU.Build.0 = Debug|Any CPU
		{7BC702CB-4E01-4071-ABBB-606280004896}.Release|Any CPU.ActiveCfg = Release|Any CPU
		{7BC702CB-4E01-4071-ABBB-606280004896}.Release|Any CPU.Build.0 = Release|Any CPU
	EndGlobalSection
	GlobalSection(SolutionProperties) = preSolution
		HideSolutionNode = FALSE
	EndGlobalSection
	GlobalSection(ExtensibilityGlobals) = postSolution
		SolutionGuid = {5C0D0BBD-5F42-4DE6-BDAB-266AD88E6201}
	EndGlobalSection
EndGlobal
